// !$*UTF8*$!
{
	archiveVersion = 1;
	classes = {
	};
	objectVersion = 52;
	objects = {

/* Begin PBXBuildFile section */
		5155B96B2A00FAF8000A0B94 /* WeatherView.swift in Sources */ = {isa = PBXBuildFile; fileRef = 5155B96A2A00FAF8000A0B94 /* WeatherView.swift */; };
		5155B96D2A0102D8000A0B94 /* WeatherLocationLable.swift in Sources */ = {isa = PBXBuildFile; fileRef = 5155B96C2A0102D8000A0B94 /* WeatherLocationLable.swift */; };
		5155B96F2A010B91000A0B94 /* WeatherInfoView.swift in Sources */ = {isa = PBXBuildFile; fileRef = 5155B96E2A010B91000A0B94 /* WeatherInfoView.swift */; };
		5155B9722A0118AC000A0B94 /* weatherForcastView.swift in Sources */ = {isa = PBXBuildFile; fileRef = 5155B9712A0118AC000A0B94 /* weatherForcastView.swift */; };
		5160C6872A014B1000D17F30 /* ChartDataModel.swift in Sources */ = {isa = PBXBuildFile; fileRef = 5160C6862A014B1000D17F30 /* ChartDataModel.swift */; };
		5160C6892A01965300D17F30 /* WeatherDataDTO.swift in Sources */ = {isa = PBXBuildFile; fileRef = 5160C6882A01965300D17F30 /* WeatherDataDTO.swift */; };
		5160C68C2A019B3200D17F30 /* NetworkServices.swift in Sources */ = {isa = PBXBuildFile; fileRef = 5160C68B2A019B3200D17F30 /* NetworkServices.swift */; };
		5160C68E2A02290700D17F30 /* LocationProvider.swift in Sources */ = {isa = PBXBuildFile; fileRef = 5160C68D2A02290700D17F30 /* LocationProvider.swift */; };
		5160C6912A02962E00D17F30 /* SVGKit in Frameworks */ = {isa = PBXBuildFile; productRef = 5160C6902A02962E00D17F30 /* SVGKit */; };
		5160C6932A02962E00D17F30 /* SVGKitSwift in Frameworks */ = {isa = PBXBuildFile; productRef = 5160C6922A02962E00D17F30 /* SVGKitSwift */; };
		B4DB8105BBBD1585396DD00B /* ForcastDataDTO.swift in Sources */ = {isa = PBXBuildFile; fileRef = B4DB897BF8249E8B2056A0CD /* ForcastDataDTO.swift */; };
		B4DB821A57DC599A9D7EA441 /* WeatherViewController.swift in Sources */ = {isa = PBXBuildFile; fileRef = B4DB8C1C018A26F9A14E7057 /* WeatherViewController.swift */; };
		B4DB8410A2BCC8985EF4E327 /* AppDelegate.swift in Sources */ = {isa = PBXBuildFile; fileRef = B4DB8A2121E1654DCF3A4237 /* AppDelegate.swift */; };
		B4DB84409811B69D1D03C6FA /* WeatherMainViewProtocol.swift in Sources */ = {isa = PBXBuildFile; fileRef = B4DB8440D5A8D5EBA90440AB /* WeatherMainViewProtocol.swift */; };
		B4DB845AE67C6CDD3F048FD1 /* WeatherPresenter.swift in Sources */ = {isa = PBXBuildFile; fileRef = B4DB8F877F57C16A86C9F69F /* WeatherPresenter.swift */; };
		B4DB86BBA63C50B6F0F85F10 /* NerworkServicesProtocol.swift in Sources */ = {isa = PBXBuildFile; fileRef = B4DB84F3B352D987CB5EDF76 /* NerworkServicesProtocol.swift */; };
		B4DB876EC4ED20F54D6B99DB /* SceneDelegate.swift in Sources */ = {isa = PBXBuildFile; fileRef = B4DB8A0257342B84B4CC58B4 /* SceneDelegate.swift */; };
		B4DB877C5DB4FCA6E1A2FC77 /* Assets.xcassets in Resources */ = {isa = PBXBuildFile; fileRef = B4DB8D9CC3163F81F2A65BE9 /* Assets.xcassets */; };
		B4DB8FF51E7A0CD6F7E7F303 /* WeatherPresenterProtocol.swift in Sources */ = {isa = PBXBuildFile; fileRef = B4DB83D42BEB7732761100A9 /* WeatherPresenterProtocol.swift */; };
/* End PBXBuildFile section */

/* Begin PBXFileReference section */
		5155B96A2A00FAF8000A0B94 /* WeatherView.swift */ = {isa = PBXFileReference; lastKnownFileType = sourcecode.swift; path = WeatherView.swift; sourceTree = "<group>"; };
		5155B96C2A0102D8000A0B94 /* WeatherLocationLable.swift */ = {isa = PBXFileReference; lastKnownFileType = sourcecode.swift; path = WeatherLocationLable.swift; sourceTree = "<group>"; };
		5155B96E2A010B91000A0B94 /* WeatherInfoView.swift */ = {isa = PBXFileReference; lastKnownFileType = sourcecode.swift; path = WeatherInfoView.swift; sourceTree = "<group>"; };
		5155B9712A0118AC000A0B94 /* weatherForcastView.swift */ = {isa = PBXFileReference; lastKnownFileType = sourcecode.swift; path = weatherForcastView.swift; sourceTree = "<group>"; };
		5160C6862A014B1000D17F30 /* ChartDataModel.swift */ = {isa = PBXFileReference; lastKnownFileType = sourcecode.swift; path = ChartDataModel.swift; sourceTree = "<group>"; };
		5160C6882A01965300D17F30 /* WeatherDataDTO.swift */ = {isa = PBXFileReference; lastKnownFileType = sourcecode.swift; path = WeatherDataDTO.swift; sourceTree = "<group>"; };
		5160C68B2A019B3200D17F30 /* NetworkServices.swift */ = {isa = PBXFileReference; lastKnownFileType = sourcecode.swift; path = NetworkServices.swift; sourceTree = "<group>"; };
		5160C68D2A02290700D17F30 /* LocationProvider.swift */ = {isa = PBXFileReference; lastKnownFileType = sourcecode.swift; path = LocationProvider.swift; sourceTree = "<group>"; };
		B4DB83D42BEB7732761100A9 /* WeatherPresenterProtocol.swift */ = {isa = PBXFileReference; fileEncoding = 4; lastKnownFileType = sourcecode.swift; path = WeatherPresenterProtocol.swift; sourceTree = "<group>"; };
		B4DB8440D5A8D5EBA90440AB /* WeatherMainViewProtocol.swift */ = {isa = PBXFileReference; fileEncoding = 4; lastKnownFileType = sourcecode.swift; path = WeatherMainViewProtocol.swift; sourceTree = "<group>"; };
		B4DB84F3B352D987CB5EDF76 /* NerworkServicesProtocol.swift */ = {isa = PBXFileReference; fileEncoding = 4; lastKnownFileType = sourcecode.swift; path = NerworkServicesProtocol.swift; sourceTree = "<group>"; };
		B4DB897BF8249E8B2056A0CD /* ForcastDataDTO.swift */ = {isa = PBXFileReference; fileEncoding = 4; lastKnownFileType = sourcecode.swift; path = ForcastDataDTO.swift; sourceTree = "<group>"; };
		B4DB8A0257342B84B4CC58B4 /* SceneDelegate.swift */ = {isa = PBXFileReference; fileEncoding = 4; lastKnownFileType = sourcecode.swift; path = SceneDelegate.swift; sourceTree = "<group>"; };
		B4DB8A2121E1654DCF3A4237 /* AppDelegate.swift */ = {isa = PBXFileReference; fileEncoding = 4; lastKnownFileType = sourcecode.swift; path = AppDelegate.swift; sourceTree = "<group>"; };
		B4DB8C1C018A26F9A14E7057 /* WeatherViewController.swift */ = {isa = PBXFileReference; fileEncoding = 4; lastKnownFileType = sourcecode.swift; path = WeatherViewController.swift; sourceTree = "<group>"; };
		B4DB8D3450F470716EBF1B60 /* Info.plist */ = {isa = PBXFileReference; lastKnownFileType = text.plist.info; path = Info.plist; sourceTree = "<group>"; };
		B4DB8D738F3134900B85B5BF /* WeatherApp.app */ = {isa = PBXFileReference; explicitFileType = wrapper.application; includeInIndex = 0; path = WeatherApp.app; sourceTree = BUILT_PRODUCTS_DIR; };
		B4DB8D9CC3163F81F2A65BE9 /* Assets.xcassets */ = {isa = PBXFileReference; lastKnownFileType = folder.assetcatalog; path = Assets.xcassets; sourceTree = "<group>"; };
		B4DB8F877F57C16A86C9F69F /* WeatherPresenter.swift */ = {isa = PBXFileReference; fileEncoding = 4; lastKnownFileType = sourcecode.swift; path = WeatherPresenter.swift; sourceTree = "<group>"; };
/* End PBXFileReference section */

/* Begin PBXFrameworksBuildPhase section */
		B4DB83839CE6E88C44747607 /* Frameworks */ = {
			isa = PBXFrameworksBuildPhase;
			buildActionMask = 2147483647;
			files = (
				5160C6932A02962E00D17F30 /* SVGKitSwift in Frameworks */,
				5160C6912A02962E00D17F30 /* SVGKit in Frameworks */,
			);
			runOnlyForDeploymentPostprocessing = 0;
		};
/* End PBXFrameworksBuildPhase section */

/* Begin PBXGroup section */
		5155B9702A010D05000A0B94 /* Subviews */ = {
			isa = PBXGroup;
			children = (
				5155B96C2A0102D8000A0B94 /* WeatherLocationLable.swift */,
				5155B96E2A010B91000A0B94 /* WeatherInfoView.swift */,
				5155B9712A0118AC000A0B94 /* weatherForcastView.swift */,
			);
			path = Subviews;
			sourceTree = "<group>";
		};
		5160C6852A01271800D17F30 /* Models */ = {
			isa = PBXGroup;
			children = (
				5160C6862A014B1000D17F30 /* ChartDataModel.swift */,
				5160C6882A01965300D17F30 /* WeatherDataDTO.swift */,
				B4DB897BF8249E8B2056A0CD /* ForcastDataDTO.swift */,
			);
			path = Models;
			sourceTree = "<group>";
		};
		5160C68A2A019A2A00D17F30 /* Services */ = {
			isa = PBXGroup;
			children = (
				5160C68B2A019B3200D17F30 /* NetworkServices.swift */,
				5160C68D2A02290700D17F30 /* LocationProvider.swift */,
			);
			path = Services;
			sourceTree = "<group>";
		};
		B4DB80FB5C053FAA1957D5A9 = {
			isa = PBXGroup;
			children = (
				B4DB8EB3F1632DA48C3E70C7 /* Products */,
				B4DB81A3EAFEBF9705870BEA /* WeatherApp */,
			);
			sourceTree = "<group>";
		};
		B4DB81839624364E7F553370 /* Presenter */ = {
			isa = PBXGroup;
			children = (
				B4DB8F877F57C16A86C9F69F /* WeatherPresenter.swift */,
			);
			path = Presenter;
			sourceTree = "<group>";
		};
		B4DB81A3EAFEBF9705870BEA /* WeatherApp */ = {
			isa = PBXGroup;
			children = (
				B4DB8D3450F470716EBF1B60 /* Info.plist */,
				B4DB832E60FCF98DE9527175 /* Support files */,
				5160C68A2A019A2A00D17F30 /* Services */,
				B4DB8B7D7F644C7AE7630621 /* Screen */,
				5160C6852A01271800D17F30 /* Models */,
				B4DB81839624364E7F553370 /* Presenter */,
				B4DB85B9875832D7BE3FFB41 /* Protocols */,
			);
			path = WeatherApp;
			sourceTree = "<group>";
		};
		B4DB832E60FCF98DE9527175 /* Support files */ = {
			isa = PBXGroup;
			children = (
				B4DB8D9CC3163F81F2A65BE9 /* Assets.xcassets */,
				B4DB8A2121E1654DCF3A4237 /* AppDelegate.swift */,
				B4DB8A0257342B84B4CC58B4 /* SceneDelegate.swift */,
			);
			path = "Support files";
			sourceTree = "<group>";
		};
		B4DB85B9875832D7BE3FFB41 /* Protocols */ = {
			isa = PBXGroup;
			children = (
				B4DB84F3B352D987CB5EDF76 /* NerworkServicesProtocol.swift */,
				B4DB83D42BEB7732761100A9 /* WeatherPresenterProtocol.swift */,
				B4DB8440D5A8D5EBA90440AB /* WeatherMainViewProtocol.swift */,
			);
			path = Protocols;
			sourceTree = "<group>";
		};
		B4DB8B7D7F644C7AE7630621 /* Screen */ = {
			isa = PBXGroup;
			children = (
				B4DB8C1C018A26F9A14E7057 /* WeatherViewController.swift */,
				5155B96A2A00FAF8000A0B94 /* WeatherView.swift */,
				5155B9702A010D05000A0B94 /* Subviews */,
			);
			path = Screen;
			sourceTree = "<group>";
		};
		B4DB8EB3F1632DA48C3E70C7 /* Products */ = {
			isa = PBXGroup;
			children = (
				B4DB8D738F3134900B85B5BF /* WeatherApp.app */,
			);
			name = Products;
			sourceTree = "<group>";
		};
/* End PBXGroup section */

/* Begin PBXNativeTarget section */
		B4DB8959AB6CACEE12D84C71 /* WeatherApp */ = {
			isa = PBXNativeTarget;
			buildConfigurationList = B4DB8C10B7FF939B26BBC11E /* Build configuration list for PBXNativeTarget "WeatherApp" */;
			buildPhases = (
				B4DB8C692A2B031BB3ED79AD /* Sources */,
				B4DB83839CE6E88C44747607 /* Frameworks */,
				B4DB89054E29A21AF26FE082 /* Resources */,
			);
			buildRules = (
			);
			dependencies = (
			);
			name = WeatherApp;
			packageProductDependencies = (
				5160C6902A02962E00D17F30 /* SVGKit */,
				5160C6922A02962E00D17F30 /* SVGKitSwift */,
			);
			productName = WeatherApp;
			productReference = B4DB8D738F3134900B85B5BF /* WeatherApp.app */;
			productType = "com.apple.product-type.application";
		};
/* End PBXNativeTarget section */

/* Begin PBXProject section */
		B4DB8582954E9433E57561F2 /* Project object */ = {
			isa = PBXProject;
			attributes = {
			};
			buildConfigurationList = B4DB83AF5E97E938DCB17DD7 /* Build configuration list for PBXProject "WeatherApp" */;
			compatibilityVersion = "Xcode 3.2";
			developmentRegion = English;
			hasScannedForEncodings = 0;
			knownRegions = (
				English,
				en,
				Base,
			);
			mainGroup = B4DB80FB5C053FAA1957D5A9;
			packageReferences = (
				5160C68F2A02962D00D17F30 /* XCRemoteSwiftPackageReference "SVGKit" */,
			);
			productRefGroup = B4DB8EB3F1632DA48C3E70C7 /* Products */;
			projectDirPath = "";
			projectRoot = "";
			targets = (
				B4DB8959AB6CACEE12D84C71 /* WeatherApp */,
			);
		};
/* End PBXProject section */

/* Begin PBXResourcesBuildPhase section */
		B4DB89054E29A21AF26FE082 /* Resources */ = {
			isa = PBXResourcesBuildPhase;
			buildActionMask = 2147483647;
			files = (
				B4DB877C5DB4FCA6E1A2FC77 /* Assets.xcassets in Resources */,
			);
			runOnlyForDeploymentPostprocessing = 0;
		};
/* End PBXResourcesBuildPhase section */

/* Begin PBXSourcesBuildPhase section */
		B4DB8C692A2B031BB3ED79AD /* Sources */ = {
			isa = PBXSourcesBuildPhase;
			buildActionMask = 2147483647;
			files = (
				B4DB8410A2BCC8985EF4E327 /* AppDelegate.swift in Sources */,
				5160C68C2A019B3200D17F30 /* NetworkServices.swift in Sources */,
				B4DB876EC4ED20F54D6B99DB /* SceneDelegate.swift in Sources */,
				5155B9722A0118AC000A0B94 /* weatherForcastView.swift in Sources */,
				5160C68E2A02290700D17F30 /* LocationProvider.swift in Sources */,
				B4DB821A57DC599A9D7EA441 /* WeatherViewController.swift in Sources */,
				5160C6872A014B1000D17F30 /* ChartDataModel.swift in Sources */,
				5155B96B2A00FAF8000A0B94 /* WeatherView.swift in Sources */,
				5155B96D2A0102D8000A0B94 /* WeatherLocationLable.swift in Sources */,
				5155B96F2A010B91000A0B94 /* WeatherInfoView.swift in Sources */,
				5160C6892A01965300D17F30 /* WeatherDataDTO.swift in Sources */,
				B4DB845AE67C6CDD3F048FD1 /* WeatherPresenter.swift in Sources */,
				B4DB86BBA63C50B6F0F85F10 /* NerworkServicesProtocol.swift in Sources */,
				B4DB8105BBBD1585396DD00B /* ForcastDataDTO.swift in Sources */,
				B4DB8FF51E7A0CD6F7E7F303 /* WeatherPresenterProtocol.swift in Sources */,
				B4DB84409811B69D1D03C6FA /* WeatherMainViewProtocol.swift in Sources */,
			);
			runOnlyForDeploymentPostprocessing = 0;
		};
/* End PBXSourcesBuildPhase section */

/* Begin XCBuildConfiguration section */
		B4DB8321E25F9581D1AA02ED /* Debug */ = {
			isa = XCBuildConfiguration;
			buildSettings = {
				ASSETCATALOG_COMPILER_APPICON_NAME = AppIcon;
				ASSETCATALOG_COMPILER_GLOBAL_ACCENT_COLOR_NAME = AccentColor;
				CURRENT_PROJECT_VERSION = 1;
				GENERATE_INFOPLIST_FILE = YES;
				INFOPLIST_FILE = WeatherApp/Info.plist;
				INFOPLIST_KEY_UIApplicationSupportsIndirectInputEvents = YES;
				INFOPLIST_KEY_UILaunchStoryboardName = LaunchScreen;
				INFOPLIST_KEY_UISupportedInterfaceOrientations_iPad = "UIInterfaceOrientationPortrait UIInterfaceOrientationPortraitUpsideDown UIInterfaceOrientationLandscapeLeft UIInterfaceOrientationLandscapeRight";
				INFOPLIST_KEY_UISupportedInterfaceOrientations_iPhone = "UIInterfaceOrientationPortrait UIInterfaceOrientationLandscapeLeft UIInterfaceOrientationLandscapeRight";
				LD_RUNPATH_SEARCH_PATHS = (
					"$(inherited)",
					"@executable_path/Frameworks",
				);
				MARKETING_VERSION = 1.0;
				PRODUCT_BUNDLE_IDENTIFIER = ViktoriyaFedosova.WeatherApp;
				PRODUCT_NAME = "$(TARGET_NAME)";
				SWIFT_EMIT_LOC_STRINGS = YES;
				SWIFT_VERSION = 5.0;
				TARGETED_DEVICE_FAMILY = "1,2";
			};
			name = Debug;
		};
		B4DB8E01C53EF54DCAD9542C /* Release */ = {
			isa = XCBuildConfiguration;
			buildSettings = {
				ASSETCATALOG_COMPILER_APPICON_NAME = AppIcon;
				ASSETCATALOG_COMPILER_GLOBAL_ACCENT_COLOR_NAME = AccentColor;
				CURRENT_PROJECT_VERSION = 1;
				GENERATE_INFOPLIST_FILE = YES;
				INFOPLIST_FILE = WeatherApp/Info.plist;
				INFOPLIST_KEY_UIApplicationSupportsIndirectInputEvents = YES;
				INFOPLIST_KEY_UILaunchStoryboardName = LaunchScreen;
				INFOPLIST_KEY_UISupportedInterfaceOrientations_iPad = "UIInterfaceOrientationPortrait UIInterfaceOrientationPortraitUpsideDown UIInterfaceOrientationLandscapeLeft UIInterfaceOrientationLandscapeRight";
				INFOPLIST_KEY_UISupportedInterfaceOrientations_iPhone = "UIInterfaceOrientationPortrait UIInterfaceOrientationLandscapeLeft UIInterfaceOrientationLandscapeRight";
				LD_RUNPATH_SEARCH_PATHS = (
					"$(inherited)",
					"@executable_path/Frameworks",
				);
				MARKETING_VERSION = 1.0;
				PRODUCT_BUNDLE_IDENTIFIER = ViktoriyaFedosova.WeatherApp;
				PRODUCT_NAME = "$(TARGET_NAME)";
				SWIFT_EMIT_LOC_STRINGS = YES;
				SWIFT_VERSION = 5.0;
				TARGETED_DEVICE_FAMILY = "1,2";
			};
			name = Release;
		};
		B4DB8E8072275031B1993AA8 /* Release */ = {
			isa = XCBuildConfiguration;
			buildSettings = {
				ALWAYS_SEARCH_USER_PATHS = NO;
				CLANG_ANALYZER_NONNULL = YES;
				CLANG_ANALYZER_NUMBER_OBJECT_CONVERSION = YES_AGGRESSIVE;
				CLANG_CXX_LANGUAGE_STANDARD = "gnu++20";
				CLANG_ENABLE_MODULES = YES;
				CLANG_ENABLE_OBJC_ARC = YES;
				CLANG_ENABLE_OBJC_WEAK = YES;
				CLANG_WARN_BLOCK_CAPTURE_AUTORELEASING = YES;
				CLANG_WARN_BOOL_CONVERSION = YES;
				CLANG_WARN_COMMA = YES;
				CLANG_WARN_CONSTANT_CONVERSION = YES;
				CLANG_WARN_DEPRECATED_OBJC_IMPLEMENTATIONS = YES;
				CLANG_WARN_DIRECT_OBJC_ISA_USAGE = YES_ERROR;
				CLANG_WARN_DOCUMENTATION_COMMENTS = YES;
				CLANG_WARN_EMPTY_BODY = YES;
				CLANG_WARN_ENUM_CONVERSION = YES;
				CLANG_WARN_INFINITE_RECURSION = YES;
				CLANG_WARN_INT_CONVERSION = YES;
				CLANG_WARN_NON_LITERAL_NULL_CONVERSION = YES;
				CLANG_WARN_OBJC_IMPLICIT_RETAIN_SELF = YES;
				CLANG_WARN_OBJC_LITERAL_CONVERSION = YES;
				CLANG_WARN_OBJC_ROOT_CLASS = YES_ERROR;
				CLANG_WARN_QUOTED_INCLUDE_IN_FRAMEWORK_HEADER = YES;
				CLANG_WARN_RANGE_LOOP_ANALYSIS = YES;
				CLANG_WARN_STRICT_PROTOTYPES = YES;
				CLANG_WARN_SUSPICIOUS_MOVE = YES;
				CLANG_WARN_UNGUARDED_AVAILABILITY = YES_AGGRESSIVE;
				CLANG_WARN_UNREACHABLE_CODE = YES;
				CLANG_WARN__DUPLICATE_METHOD_MATCH = YES;
				COPY_PHASE_STRIP = NO;
				DEBUG_INFORMATION_FORMAT = "dwarf-with-dsym";
				ENABLE_NS_ASSERTIONS = NO;
				ENABLE_STRICT_OBJC_MSGSEND = YES;
				GCC_C_LANGUAGE_STANDARD = gnu11;
				GCC_NO_COMMON_BLOCKS = YES;
				GCC_WARN_64_TO_32_BIT_CONVERSION = YES;
				GCC_WARN_ABOUT_RETURN_TYPE = YES_ERROR;
				GCC_WARN_UNDECLARED_SELECTOR = YES;
				GCC_WARN_UNINITIALIZED_AUTOS = YES_AGGRESSIVE;
				GCC_WARN_UNUSED_FUNCTION = YES;
				GCC_WARN_UNUSED_VARIABLE = YES;
				IPHONEOS_DEPLOYMENT_TARGET = 16.2;
				MTL_ENABLE_DEBUG_INFO = NO;
				MTL_FAST_MATH = YES;
				SDKROOT = iphoneos;
				SWIFT_COMPILATION_MODE = wholemodule;
				SWIFT_OPTIMIZATION_LEVEL = "-O";
				VALIDATE_PRODUCT = YES;
			};
			name = Release;
		};
		B4DB8EB0A37B627DDF937DA3 /* Debug */ = {
			isa = XCBuildConfiguration;
			buildSettings = {
				ALWAYS_SEARCH_USER_PATHS = NO;
				CLANG_ANALYZER_NONNULL = YES;
				CLANG_ANALYZER_NUMBER_OBJECT_CONVERSION = YES_AGGRESSIVE;
				CLANG_CXX_LANGUAGE_STANDARD = "gnu++20";
				CLANG_ENABLE_MODULES = YES;
				CLANG_ENABLE_OBJC_ARC = YES;
				CLANG_ENABLE_OBJC_WEAK = YES;
				CLANG_WARN_BLOCK_CAPTURE_AUTORELEASING = YES;
				CLANG_WARN_BOOL_CONVERSION = YES;
				CLANG_WARN_COMMA = YES;
				CLANG_WARN_CONSTANT_CONVERSION = YES;
				CLANG_WARN_DEPRECATED_OBJC_IMPLEMENTATIONS = YES;
				CLANG_WARN_DIRECT_OBJC_ISA_USAGE = YES_ERROR;
				CLANG_WARN_DOCUMENTATION_COMMENTS = YES;
				CLANG_WARN_EMPTY_BODY = YES;
				CLANG_WARN_ENUM_CONVERSION = YES;
				CLANG_WARN_INFINITE_RECURSION = YES;
				CLANG_WARN_INT_CONVERSION = YES;
				CLANG_WARN_NON_LITERAL_NULL_CONVERSION = YES;
				CLANG_WARN_OBJC_IMPLICIT_RETAIN_SELF = YES;
				CLANG_WARN_OBJC_LITERAL_CONVERSION = YES;
				CLANG_WARN_OBJC_ROOT_CLASS = YES_ERROR;
				CLANG_WARN_QUOTED_INCLUDE_IN_FRAMEWORK_HEADER = YES;
				CLANG_WARN_RANGE_LOOP_ANALYSIS = YES;
				CLANG_WARN_STRICT_PROTOTYPES = YES;
				CLANG_WARN_SUSPICIOUS_MOVE = YES;
				CLANG_WARN_UNGUARDED_AVAILABILITY = YES_AGGRESSIVE;
				CLANG_WARN_UNREACHABLE_CODE = YES;
				CLANG_WARN__DUPLICATE_METHOD_MATCH = YES;
				COPY_PHASE_STRIP = NO;
				DEBUG_INFORMATION_FORMAT = dwarf;
				ENABLE_STRICT_OBJC_MSGSEND = YES;
				ENABLE_TESTABILITY = YES;
				GCC_C_LANGUAGE_STANDARD = gnu11;
				GCC_DYNAMIC_NO_PIC = NO;
				GCC_NO_COMMON_BLOCKS = YES;
				GCC_OPTIMIZATION_LEVEL = 0;
				GCC_PREPROCESSOR_DEFINITIONS = (
					"DEBUG=1",
					"$(inherited)",
				);
				GCC_WARN_64_TO_32_BIT_CONVERSION = YES;
				GCC_WARN_ABOUT_RETURN_TYPE = YES_ERROR;
				GCC_WARN_UNDECLARED_SELECTOR = YES;
				GCC_WARN_UNINITIALIZED_AUTOS = YES_AGGRESSIVE;
				GCC_WARN_UNUSED_FUNCTION = YES;
				GCC_WARN_UNUSED_VARIABLE = YES;
				IPHONEOS_DEPLOYMENT_TARGET = 16.2;
				MTL_ENABLE_DEBUG_INFO = INCLUDE_SOURCE;
				MTL_FAST_MATH = YES;
				ONLY_ACTIVE_ARCH = YES;
				SDKROOT = iphoneos;
				SWIFT_ACTIVE_COMPILATION_CONDITIONS = DEBUG;
				SWIFT_OPTIMIZATION_LEVEL = "-Onone";
			};
			name = Debug;
		};
/* End XCBuildConfiguration section */

/* Begin XCConfigurationList section */
		B4DB83AF5E97E938DCB17DD7 /* Build configuration list for PBXProject "WeatherApp" */ = {
			isa = XCConfigurationList;
			buildConfigurations = (
				B4DB8EB0A37B627DDF937DA3 /* Debug */,
				B4DB8E8072275031B1993AA8 /* Release */,
			);
			defaultConfigurationIsVisible = 0;
			defaultConfigurationName = Release;
		};
		B4DB8C10B7FF939B26BBC11E /* Build configuration list for PBXNativeTarget "WeatherApp" */ = {
			isa = XCConfigurationList;
			buildConfigurations = (
				B4DB8321E25F9581D1AA02ED /* Debug */,
				B4DB8E01C53EF54DCAD9542C /* Release */,
			);
			defaultConfigurationIsVisible = 0;
			defaultConfigurationName = Release;
		};
/* End XCConfigurationList section */

/* Begin XCRemoteSwiftPackageReference section */
		5160C68F2A02962D00D17F30 /* XCRemoteSwiftPackageReference "SVGKit" */ = {
			isa = XCRemoteSwiftPackageReference;
			repositoryURL = "https://github.com/SVGKit/SVGKit.git";
			requirement = {
				branch = 3.x;
				kind = branch;
			};
		};
/* End XCRemoteSwiftPackageReference section */

/* Begin XCSwiftPackageProductDependency section */
		5160C6902A02962E00D17F30 /* SVGKit */ = {
			isa = XCSwiftPackageProductDependency;
			package = 5160C68F2A02962D00D17F30 /* XCRemoteSwiftPackageReference "SVGKit" */;
			productName = SVGKit;
		};
		5160C6922A02962E00D17F30 /* SVGKitSwift */ = {
			isa = XCSwiftPackageProductDependency;
			package = 5160C68F2A02962D00D17F30 /* XCRemoteSwiftPackageReference "SVGKit" */;
			productName = SVGKitSwift;
		};
/* End XCSwiftPackageProductDependency section */
	};
	rootObject = B4DB8582954E9433E57561F2 /* Project object */;
}
